
Microsoft Visual Studio Solution File, Format Version 12.00
# Visual Studio 2012
Project("{FAE04EC0-301F-11D3-BF4B-00C04F79EFBC}") = "VideoLib", "VideoLib\VideoLib.csproj", "{F54F3A10-472A-421B-895F-EFD5A5086ACA}"
EndProject
Project("{FAE04EC0-301F-11D3-BF4B-00C04F79EFBC}") = "Operator", "Operator\Operator.csproj", "{AB53C7B9-02DD-4DF5-94D2-68D911120A43}"
EndProject
Project("{FAE04EC0-301F-11D3-BF4B-00C04F79EFBC}") = "Montager", "Montager\Montager.csproj", "{880F2AC7-CAB0-4FC8-8234-8BD033972100}"
EndProject
Project("{FAE04EC0-301F-11D3-BF4B-00C04F79EFBC}") = "Montager.Tests", "Montager.Tests\Montager.Tests.csproj", "{C565E512-6381-4465-A084-FEBB21EF08F4}"
EndProject
Project("{2150E333-8FDC-42A3-9474-1A3956D46DE8}") = "Solution Items", "Solution Items", "{4BF4A651-C8C0-4B86-89F5-B3FC3034EBF7}"
	ProjectSection(SolutionItems) = preProject
		Local.testsettings = Local.testsettings
		TraceAndTestImpact.testsettings = TraceAndTestImpact.testsettings
		Video.vsmdi = Video.vsmdi
	EndProjectSection
EndProject
Project("{FAE04EC0-301F-11D3-BF4B-00C04F79EFBC}") = "Montager.TestRun", "Montager.TestRun\Montager.TestRun.csproj", "{56BF0F3C-8379-47ED-935F-F599C3695EFC}"
EndProject
Project("{FAE04EC0-301F-11D3-BF4B-00C04F79EFBC}") = "xspf2list", "xspf2list\xspf2list.csproj", "{B1E64367-D107-4DEB-BCF2-A524D4BFBCD7}"
EndProject
Project("{FAE04EC0-301F-11D3-BF4B-00C04F79EFBC}") = "Assembler", "Assembler\Assembler.csproj", "{C964E015-1AEC-4F16-A87D-3293048EC3D7}"
EndProject
Project("{FAE04EC0-301F-11D3-BF4B-00C04F79EFBC}") = "Editor", "Editor\Editor.csproj", "{68C87361-E095-4312-BC36-089CD63B79C3}"
EndProject
Project("{FAE04EC0-301F-11D3-BF4B-00C04F79EFBC}") = "ImageGenerator", "ImageGenerator\ImageGenerator.csproj", "{5F41A963-2A44-4CBB-AAD0-63EEFE941728}"
EndProject
Project("{FAE04EC0-301F-11D3-BF4B-00C04F79EFBC}") = "Renamer", "Renamer\Renamer.csproj", "{B402B5DC-C0F3-4534-A22F-5D1C8FE672AC}"
EndProject
Project("{FAE04EC0-301F-11D3-BF4B-00C04F79EFBC}") = "AssemblerOld", "AssemblerOld\AssemblerOld.csproj", "{DCB11B64-1B28-4F79-8DA9-5A17AC87CE47}"
EndProject
Project("{FAE04EC0-301F-11D3-BF4B-00C04F79EFBC}") = "Splitter", "Splitter\Splitter.csproj", "{FED79B70-2CFC-4873-9246-96D4F0298494}"
EndProject
Project("{2150E333-8FDC-42A3-9474-1A3956D46DE8}") = "Refactored", "Refactored", "{DE3470BC-8CE1-4F5E-BA45-2118846740B2}"
EndProject
Project("{FAE04EC0-301F-11D3-BF4B-00C04F79EFBC}") = "NewName", "NewName\NewName.csproj", "{E69F7E9F-ED66-4935-8976-FF548AE72AEC}"
EndProject
Project("{FAE04EC0-301F-11D3-BF4B-00C04F79EFBC}") = "ModelCreator", "ModelCreator\ModelCreator.csproj", "{410F6739-6DD8-4B1C-9B80-6375FE715836}"
EndProject
Global
	GlobalSection(TestCaseManagementSettings) = postSolution
		CategoryFile = Video.vsmdi
	EndGlobalSection
	GlobalSection(SolutionConfigurationPlatforms) = preSolution
		Debug|Any CPU = Debug|Any CPU
		Debug|Mixed Platforms = Debug|Mixed Platforms
		Debug|x86 = Debug|x86
		Release|Any CPU = Release|Any CPU
		Release|Mixed Platforms = Release|Mixed Platforms
		Release|x86 = Release|x86
	EndGlobalSection
	GlobalSection(ProjectConfigurationPlatforms) = postSolution
		{F54F3A10-472A-421B-895F-EFD5A5086ACA}.Debug|Any CPU.ActiveCfg = Debug|x86
		{F54F3A10-472A-421B-895F-EFD5A5086ACA}.Debug|Mixed Platforms.ActiveCfg = Debug|x86
		{F54F3A10-472A-421B-895F-EFD5A5086ACA}.Debug|Mixed Platforms.Build.0 = Debug|x86
		{F54F3A10-472A-421B-895F-EFD5A5086ACA}.Debug|x86.ActiveCfg = Debug|x86
		{F54F3A10-472A-421B-895F-EFD5A5086ACA}.Debug|x86.Build.0 = Debug|x86
		{F54F3A10-472A-421B-895F-EFD5A5086ACA}.Release|Any CPU.ActiveCfg = Release|x86
		{F54F3A10-472A-421B-895F-EFD5A5086ACA}.Release|Mixed Platforms.ActiveCfg = Release|x86
		{F54F3A10-472A-421B-895F-EFD5A5086ACA}.Release|Mixed Platforms.Build.0 = Release|x86
		{F54F3A10-472A-421B-895F-EFD5A5086ACA}.Release|x86.ActiveCfg = Release|x86
		{F54F3A10-472A-421B-895F-EFD5A5086ACA}.Release|x86.Build.0 = Release|x86
		{AB53C7B9-02DD-4DF5-94D2-68D911120A43}.Debug|Any CPU.ActiveCfg = Debug|x86
		{AB53C7B9-02DD-4DF5-94D2-68D911120A43}.Debug|Mixed Platforms.ActiveCfg = Debug|x86
		{AB53C7B9-02DD-4DF5-94D2-68D911120A43}.Debug|Mixed Platforms.Build.0 = Debug|x86
		{AB53C7B9-02DD-4DF5-94D2-68D911120A43}.Debug|x86.ActiveCfg = Debug|x86
		{AB53C7B9-02DD-4DF5-94D2-68D911120A43}.Debug|x86.Build.0 = Debug|x86
		{AB53C7B9-02DD-4DF5-94D2-68D911120A43}.Release|Any CPU.ActiveCfg = Release|x86
		{AB53C7B9-02DD-4DF5-94D2-68D911120A43}.Release|Mixed Platforms.ActiveCfg = Release|x86
		{AB53C7B9-02DD-4DF5-94D2-68D911120A43}.Release|Mixed Platforms.Build.0 = Release|x86
		{AB53C7B9-02DD-4DF5-94D2-68D911120A43}.Release|x86.ActiveCfg = Release|x86
		{AB53C7B9-02DD-4DF5-94D2-68D911120A43}.Release|x86.Build.0 = Release|x86
		{880F2AC7-CAB0-4FC8-8234-8BD033972100}.Debug|Any CPU.ActiveCfg = Debug|x86
		{880F2AC7-CAB0-4FC8-8234-8BD033972100}.Debug|Mixed Platforms.ActiveCfg = Debug|x86
		{880F2AC7-CAB0-4FC8-8234-8BD033972100}.Debug|Mixed Platforms.Build.0 = Debug|x86
		{880F2AC7-CAB0-4FC8-8234-8BD033972100}.Debug|x86.ActiveCfg = Debug|x86
		{880F2AC7-CAB0-4FC8-8234-8BD033972100}.Debug|x86.Build.0 = Debug|x86
		{880F2AC7-CAB0-4FC8-8234-8BD033972100}.Release|Any CPU.ActiveCfg = Release|x86
		{880F2AC7-CAB0-4FC8-8234-8BD033972100}.Release|Mixed Platforms.ActiveCfg = Release|x86
		{880F2AC7-CAB0-4FC8-8234-8BD033972100}.Release|Mixed Platforms.Build.0 = Release|x86
		{880F2AC7-CAB0-4FC8-8234-8BD033972100}.Release|x86.ActiveCfg = Release|x86
		{880F2AC7-CAB0-4FC8-8234-8BD033972100}.Release|x86.Build.0 = Release|x86
		{C565E512-6381-4465-A084-FEBB21EF08F4}.Debug|Any CPU.ActiveCfg = Debug|Any CPU
		{C565E512-6381-4465-A084-FEBB21EF08F4}.Debug|Any CPU.Build.0 = Debug|Any CPU
		{C565E512-6381-4465-A084-FEBB21EF08F4}.Debug|Mixed Platforms.ActiveCfg = Debug|Any CPU
		{C565E512-6381-4465-A084-FEBB21EF08F4}.Debug|Mixed Platforms.Build.0 = Debug|Any CPU
		{C565E512-6381-4465-A084-FEBB21EF08F4}.Debug|x86.ActiveCfg = Debug|Any CPU
		{C565E512-6381-4465-A084-FEBB21EF08F4}.Release|Any CPU.ActiveCfg = Release|Any CPU
		{C565E512-6381-4465-A084-FEBB21EF08F4}.Release|Any CPU.Build.0 = Release|Any CPU
		{C565E512-6381-4465-A084-FEBB21EF08F4}.Release|Mixed Platforms.ActiveCfg = Release|Any CPU
		{C565E512-6381-4465-A084-FEBB21EF08F4}.Release|Mixed Platforms.Build.0 = Release|Any CPU
		{C565E512-6381-4465-A084-FEBB21EF08F4}.Release|x86.ActiveCfg = Release|Any CPU
		{56BF0F3C-8379-47ED-935F-F599C3695EFC}.Debug|Any CPU.ActiveCfg = Debug|x86
		{56BF0F3C-8379-47ED-935F-F599C3695EFC}.Debug|Mixed Platforms.ActiveCfg = Debug|x86
		{56BF0F3C-8379-47ED-935F-F599C3695EFC}.Debug|Mixed Platforms.Build.0 = Debug|x86
		{56BF0F3C-8379-47ED-935F-F599C3695EFC}.Debug|x86.ActiveCfg = Debug|x86
		{56BF0F3C-8379-47ED-935F-F599C3695EFC}.Debug|x86.Build.0 = Debug|x86
		{56BF0F3C-8379-47ED-935F-F599C3695EFC}.Release|Any CPU.ActiveCfg = Release|x86
		{56BF0F3C-8379-47ED-935F-F599C3695EFC}.Release|Mixed Platforms.ActiveCfg = Release|x86
		{56BF0F3C-8379-47ED-935F-F599C3695EFC}.Release|Mixed Platforms.Build.0 = Release|x86
		{56BF0F3C-8379-47ED-935F-F599C3695EFC}.Release|x86.ActiveCfg = Release|x86
		{56BF0F3C-8379-47ED-935F-F599C3695EFC}.Release|x86.Build.0 = Release|x86
		{B1E64367-D107-4DEB-BCF2-A524D4BFBCD7}.Debug|Any CPU.ActiveCfg = Debug|Any CPU
		{B1E64367-D107-4DEB-BCF2-A524D4BFBCD7}.Debug|Any CPU.Build.0 = Debug|Any CPU
		{B1E64367-D107-4DEB-BCF2-A524D4BFBCD7}.Debug|Mixed Platforms.ActiveCfg = Debug|Any CPU
		{B1E64367-D107-4DEB-BCF2-A524D4BFBCD7}.Debug|Mixed Platforms.Build.0 = Debug|Any CPU
		{B1E64367-D107-4DEB-BCF2-A524D4BFBCD7}.Debug|x86.ActiveCfg = Debug|Any CPU
		{B1E64367-D107-4DEB-BCF2-A524D4BFBCD7}.Release|Any CPU.ActiveCfg = Release|Any CPU
		{B1E64367-D107-4DEB-BCF2-A524D4BFBCD7}.Release|Any CPU.Build.0 = Release|Any CPU
		{B1E64367-D107-4DEB-BCF2-A524D4BFBCD7}.Release|Mixed Platforms.ActiveCfg = Release|Any CPU
		{B1E64367-D107-4DEB-BCF2-A524D4BFBCD7}.Release|Mixed Platforms.Build.0 = Release|Any CPU
		{B1E64367-D107-4DEB-BCF2-A524D4BFBCD7}.Release|x86.ActiveCfg = Release|Any CPU
		{C964E015-1AEC-4F16-A87D-3293048EC3D7}.Debug|Any CPU.ActiveCfg = Debug|Any CPU
		{C964E015-1AEC-4F16-A87D-3293048EC3D7}.Debug|Any CPU.Build.0 = Debug|Any CPU
		{C964E015-1AEC-4F16-A87D-3293048EC3D7}.Debug|Mixed Platforms.ActiveCfg = Debug|Any CPU
		{C964E015-1AEC-4F16-A87D-3293048EC3D7}.Debug|Mixed Platforms.Build.0 = Debug|Any CPU
		{C964E015-1AEC-4F16-A87D-3293048EC3D7}.Debug|x86.ActiveCfg = Debug|Any CPU
		{C964E015-1AEC-4F16-A87D-3293048EC3D7}.Debug|x86.Build.0 = Debug|Any CPU
		{C964E015-1AEC-4F16-A87D-3293048EC3D7}.Release|Any CPU.ActiveCfg = Release|Any CPU
		{C964E015-1AEC-4F16-A87D-3293048EC3D7}.Release|Any CPU.Build.0 = Release|Any CPU
		{C964E015-1AEC-4F16-A87D-3293048EC3D7}.Release|Mixed Platforms.ActiveCfg = Release|Any CPU
		{C964E015-1AEC-4F16-A87D-3293048EC3D7}.Release|Mixed Platforms.Build.0 = Release|Any CPU
		{C964E015-1AEC-4F16-A87D-3293048EC3D7}.Release|x86.ActiveCfg = Release|Any CPU
		{68C87361-E095-4312-BC36-089CD63B79C3}.Debug|Any CPU.ActiveCfg = Debug|Any CPU
		{68C87361-E095-4312-BC36-089CD63B79C3}.Debug|Any CPU.Build.0 = Debug|Any CPU
		{68C87361-E095-4312-BC36-089CD63B79C3}.Debug|Mixed Platforms.ActiveCfg = Debug|Any CPU
		{68C87361-E095-4312-BC36-089CD63B79C3}.Debug|Mixed Platforms.Build.0 = Debug|Any CPU
		{68C87361-E095-4312-BC36-089CD63B79C3}.Debug|x86.ActiveCfg = Debug|Any CPU
		{68C87361-E095-4312-BC36-089CD63B79C3}.Debug|x86.Build.0 = Debug|Any CPU
		{68C87361-E095-4312-BC36-089CD63B79C3}.Release|Any CPU.ActiveCfg = Release|Any CPU
		{68C87361-E095-4312-BC36-089CD63B79C3}.Release|Any CPU.Build.0 = Release|Any CPU
		{68C87361-E095-4312-BC36-089CD63B79C3}.Release|Mixed Platforms.ActiveCfg = Release|Any CPU
		{68C87361-E095-4312-BC36-089CD63B79C3}.Release|Mixed Platforms.Build.0 = Release|Any CPU
		{68C87361-E095-4312-BC36-089CD63B79C3}.Release|x86.ActiveCfg = Release|Any CPU
		{5F41A963-2A44-4CBB-AAD0-63EEFE941728}.Debug|Any CPU.ActiveCfg = Debug|Any CPU
		{5F41A963-2A44-4CBB-AAD0-63EEFE941728}.Debug|Any CPU.Build.0 = Debug|Any CPU
		{5F41A963-2A44-4CBB-AAD0-63EEFE941728}.Debug|Mixed Platforms.ActiveCfg = Debug|Any CPU
		{5F41A963-2A44-4CBB-AAD0-63EEFE941728}.Debug|Mixed Platforms.Build.0 = Debug|Any CPU
		{5F41A963-2A44-4CBB-AAD0-63EEFE941728}.Debug|x86.ActiveCfg = Debug|Any CPU
		{5F41A963-2A44-4CBB-AAD0-63EEFE941728}.Release|Any CPU.ActiveCfg = Release|Any CPU
		{5F41A963-2A44-4CBB-AAD0-63EEFE941728}.Release|Any CPU.Build.0 = Release|Any CPU
		{5F41A963-2A44-4CBB-AAD0-63EEFE941728}.Release|Mixed Platforms.ActiveCfg = Release|Any CPU
		{5F41A963-2A44-4CBB-AAD0-63EEFE941728}.Release|Mixed Platforms.Build.0 = Release|Any CPU
		{5F41A963-2A44-4CBB-AAD0-63EEFE941728}.Release|x86.ActiveCfg = Release|Any CPU
		{B402B5DC-C0F3-4534-A22F-5D1C8FE672AC}.Debug|Any CPU.ActiveCfg = Debug|Any CPU
		{B402B5DC-C0F3-4534-A22F-5D1C8FE672AC}.Debug|Any CPU.Build.0 = Debug|Any CPU
		{B402B5DC-C0F3-4534-A22F-5D1C8FE672AC}.Debug|Mixed Platforms.ActiveCfg = Debug|Any CPU
		{B402B5DC-C0F3-4534-A22F-5D1C8FE672AC}.Debug|Mixed Platforms.Build.0 = Debug|Any CPU
		{B402B5DC-C0F3-4534-A22F-5D1C8FE672AC}.Debug|x86.ActiveCfg = Debug|Any CPU
		{B402B5DC-C0F3-4534-A22F-5D1C8FE672AC}.Release|Any CPU.ActiveCfg = Release|Any CPU
		{B402B5DC-C0F3-4534-A22F-5D1C8FE672AC}.Release|Any CPU.Build.0 = Release|Any CPU
		{B402B5DC-C0F3-4534-A22F-5D1C8FE672AC}.Release|Mixed Platforms.ActiveCfg = Release|Any CPU
		{B402B5DC-C0F3-4534-A22F-5D1C8FE672AC}.Release|Mixed Platforms.Build.0 = Release|Any CPU
		{B402B5DC-C0F3-4534-A22F-5D1C8FE672AC}.Release|x86.ActiveCfg = Release|Any CPU
		{DCB11B64-1B28-4F79-8DA9-5A17AC87CE47}.Debug|Any CPU.ActiveCfg = Debug|Any CPU
		{DCB11B64-1B28-4F79-8DA9-5A17AC87CE47}.Debug|Any CPU.Build.0 = Debug|Any CPU
		{DCB11B64-1B28-4F79-8DA9-5A17AC87CE47}.Debug|Mixed Platforms.ActiveCfg = Debug|Any CPU
		{DCB11B64-1B28-4F79-8DA9-5A17AC87CE47}.Debug|Mixed Platforms.Build.0 = Debug|Any CPU
		{DCB11B64-1B28-4F79-8DA9-5A17AC87CE47}.Debug|x86.ActiveCfg = Debug|Any CPU
		{DCB11B64-1B28-4F79-8DA9-5A17AC87CE47}.Release|Any CPU.ActiveCfg = Release|Any CPU
		{DCB11B64-1B28-4F79-8DA9-5A17AC87CE47}.Release|Any CPU.Build.0 = Release|Any CPU
		{DCB11B64-1B28-4F79-8DA9-5A17AC87CE47}.Release|Mixed Platforms.ActiveCfg = Release|Any CPU
		{DCB11B64-1B28-4F79-8DA9-5A17AC87CE47}.Release|Mixed Platforms.Build.0 = Release|Any CPU
		{DCB11B64-1B28-4F79-8DA9-5A17AC87CE47}.Release|x86.ActiveCfg = Release|Any CPU
		{FED79B70-2CFC-4873-9246-96D4F0298494}.Debug|Any CPU.ActiveCfg = Debug|Any CPU
		{FED79B70-2CFC-4873-9246-96D4F0298494}.Debug|Any CPU.Build.0 = Debug|Any CPU
		{FED79B70-2CFC-4873-9246-96D4F0298494}.Debug|Mixed Platforms.ActiveCfg = Debug|Any CPU
		{FED79B70-2CFC-4873-9246-96D4F0298494}.Debug|Mixed Platforms.Build.0 = Debug|Any CPU
		{FED79B70-2CFC-4873-9246-96D4F0298494}.Debug|x86.ActiveCfg = Debug|Any CPU
		{FED79B70-2CFC-4873-9246-96D4F0298494}.Release|Any CPU.ActiveCfg = Release|Any CPU
		{FED79B70-2CFC-4873-9246-96D4F0298494}.Release|Any CPU.Build.0 = Release|Any CPU
		{FED79B70-2CFC-4873-9246-96D4F0298494}.Release|Mixed Platforms.ActiveCfg = Release|Any CPU
		{FED79B70-2CFC-4873-9246-96D4F0298494}.Release|Mixed Platforms.Build.0 = Release|Any CPU
		{FED79B70-2CFC-4873-9246-96D4F0298494}.Release|x86.ActiveCfg = Release|Any CPU
		{E69F7E9F-ED66-4935-8976-FF548AE72AEC}.Debug|Any CPU.ActiveCfg = Debug|Any CPU
		{E69F7E9F-ED66-4935-8976-FF548AE72AEC}.Debug|Any CPU.Build.0 = Debug|Any CPU
		{E69F7E9F-ED66-4935-8976-FF548AE72AEC}.Debug|Mixed Platforms.ActiveCfg = Debug|Any CPU
		{E69F7E9F-ED66-4935-8976-FF548AE72AEC}.Debug|Mixed Platforms.Build.0 = Debug|Any CPU
		{E69F7E9F-ED66-4935-8976-FF548AE72AEC}.Debug|x86.ActiveCfg = Debug|Any CPU
		{E69F7E9F-ED66-4935-8976-FF548AE72AEC}.Release|Any CPU.ActiveCfg = Release|Any CPU
		{E69F7E9F-ED66-4935-8976-FF548AE72AEC}.Release|Any CPU.Build.0 = Release|Any CPU
		{E69F7E9F-ED66-4935-8976-FF548AE72AEC}.Release|Mixed Platforms.ActiveCfg = Release|Any CPU
		{E69F7E9F-ED66-4935-8976-FF548AE72AEC}.Release|Mixed Platforms.Build.0 = Release|Any CPU
		{E69F7E9F-ED66-4935-8976-FF548AE72AEC}.Release|x86.ActiveCfg = Release|Any CPU
		{410F6739-6DD8-4B1C-9B80-6375FE715836}.Debug|Any CPU.ActiveCfg = Debug|Any CPU
		{410F6739-6DD8-4B1C-9B80-6375FE715836}.Debug|Any CPU.Build.0 = Debug|Any CPU
		{410F6739-6DD8-4B1C-9B80-6375FE715836}.Debug|Mixed Platforms.ActiveCfg = Debug|Any CPU
		{410F6739-6DD8-4B1C-9B80-6375FE715836}.Debug|Mixed Platforms.Build.0 = Debug|Any CPU
		{410F6739-6DD8-4B1C-9B80-6375FE715836}.Debug|x86.ActiveCfg = Debug|Any CPU
		{410F6739-6DD8-4B1C-9B80-6375FE715836}.Release|Any CPU.ActiveCfg = Release|Any CPU
		{410F6739-6DD8-4B1C-9B80-6375FE715836}.Release|Any CPU.Build.0 = Release|Any CPU
		{410F6739-6DD8-4B1C-9B80-6375FE715836}.Release|Mixed Platforms.ActiveCfg = Release|Any CPU
		{410F6739-6DD8-4B1C-9B80-6375FE715836}.Release|Mixed Platforms.Build.0 = Release|Any CPU
		{410F6739-6DD8-4B1C-9B80-6375FE715836}.Release|x86.ActiveCfg = Release|Any CPU
	EndGlobalSection
	GlobalSection(SolutionProperties) = preSolution
		HideSolutionNode = FALSE
	EndGlobalSection
	GlobalSection(NestedProjects) = preSolution
		{68C87361-E095-4312-BC36-089CD63B79C3} = {DE3470BC-8CE1-4F5E-BA45-2118846740B2}
		{E69F7E9F-ED66-4935-8976-FF548AE72AEC} = {DE3470BC-8CE1-4F5E-BA45-2118846740B2}
		{410F6739-6DD8-4B1C-9B80-6375FE715836} = {DE3470BC-8CE1-4F5E-BA45-2118846740B2}
	EndGlobalSection
EndGlobal
